
Microsoft Visual Studio Solution File, Format Version 12.00
# Visual Studio Version 17
VisualStudioVersion = 17.7.34031.279
MinimumVisualStudioVersion = 10.0.40219.1
Project("{FAE04EC0-301F-11D3-BF4B-00C04F79EFBC}") = "metod", "metod.csproj", "{43A1E044-B273-465A-AACF-3092320D35C9}"
EndProject
Project("{FAE04EC0-301F-11D3-BF4B-00C04F79EFBC}") = "metod2", "..\metod2\metod2.csproj", "{662201E4-6C71-489C-AC41-B0D2E152259C}"
EndProject
Project("{FAE04EC0-301F-11D3-BF4B-00C04F79EFBC}") = "metod3", "..\metod3\metod3.csproj", "{BC1A04DA-B2D5-41B9-84FA-BAA1E5805E12}"
EndProject
Global
	GlobalSection(SolutionConfigurationPlatforms) = preSolution
		Debug|Any CPU = Debug|Any CPU
		Release|Any CPU = Release|Any CPU
	EndGlobalSection
	GlobalSection(ProjectConfigurationPlatforms) = postSolution
		{43A1E044-B273-465A-AACF-3092320D35C9}.Debug|Any CPU.ActiveCfg = Debug|Any CPU
		{43A1E044-B273-465A-AACF-3092320D35C9}.Debug|Any CPU.Build.0 = Debug|Any CPU
		{43A1E044-B273-465A-AACF-3092320D35C9}.Release|Any CPU.ActiveCfg = Release|Any CPU
		{43A1E044-B273-465A-AACF-3092320D35C9}.Release|Any CPU.Build.0 = Release|Any CPU
		{662201E4-6C71-489C-AC41-B0D2E152259C}.Debug|Any CPU.ActiveCfg = Debug|Any CPU
		{662201E4-6C71-489C-AC41-B0D2E152259C}.Debug|Any CPU.Build.0 = Debug|Any CPU
		{662201E4-6C71-489C-AC41-B0D2E152259C}.Release|Any CPU.ActiveCfg = Release|Any CPU
		{662201E4-6C71-489C-AC41-B0D2E152259C}.Release|Any CPU.Build.0 = Release|Any CPU
		{BC1A04DA-B2D5-41B9-84FA-BAA1E5805E12}.Debug|Any CPU.ActiveCfg = Debug|Any CPU
		{BC1A04DA-B2D5-41B9-84FA-BAA1E5805E12}.Debug|Any CPU.Build.0 = Debug|Any CPU
		{BC1A04DA-B2D5-41B9-84FA-BAA1E5805E12}.Release|Any CPU.ActiveCfg = Release|Any CPU
		{BC1A04DA-B2D5-41B9-84FA-BAA1E5805E12}.Release|Any CPU.Build.0 = Release|Any CPU
	EndGlobalSection
	GlobalSection(SolutionProperties) = preSolution
		HideSolutionNode = FALSE
	EndGlobalSection
	GlobalSection(ExtensibilityGlobals) = postSolution
		SolutionGuid = {5F3225CD-6844-42F3-A887-C66BE31E59FA}
	EndGlobalSection
EndGlobal
